<?xml version="1.0" encoding="utf-8"?>
<Project ToolsVersion="4.0" xmlns="http://schemas.microsoft.com/developer/msbuild/2003">
  <ItemGroup>
    <Filter Include="Source Files">
      <UniqueIdentifier>{4FC737F1-C7A5-4376-A066-2A32D752A2FF}</UniqueIdentifier>
      <Extensions>cpp;c;cc;cxx;def;odl;idl;hpj;bat;asm;asmx</Extensions>
    </Filter>
    <Filter Include="Header Files">
      <UniqueIdentifier>{93995380-89BD-4b04-88EB-625FBE52EBFB}</UniqueIdentifier>
      <Extensions>h;hh;hpp;hxx;hm;inl;inc;ipp;xsd</Extensions>
    </Filter>
    <Filter Include="Resource Files">
      <UniqueIdentifier>{67DA6AB6-F800-4c08-8B7A-83BB121AAD01}</UniqueIdentifier>
      <Extensions>rc;ico;cur;bmp;dlg;rc2;rct;bin;rgs;gif;jpg;jpeg;jpe;resx;tiff;tif;png;wav;mfcribbon-ms</Extensions>
    </Filter>
    <Filter Include="Source Files\thread_control">
      <UniqueIdentifier>{568b4e46-7a7d-4a39-884f-7f98352a8c73}</UniqueIdentifier>
    </Filter>
    <Filter Include="Header Files\thread_map">
      <UniqueIdentifier>{860c353f-4c5a-4e61-b2c5-53911d046385}</UniqueIdentifier>
    </Filter>
    <Filter Include="Source Files\thread_map">
      <UniqueIdentifier>{27a055b2-b862-4d71-84c6-c5c1ed9802d4}</UniqueIdentifier>
    </Filter>
    <Filter Include="Header Files\thread_tcp1">
      <UniqueIdentifier>{88891b17-e1a1-4351-aa6e-3bd36043c146}</UniqueIdentifier>
    </Filter>
    <Filter Include="Source Files\thread_tcp1">
      <UniqueIdentifier>{583d0b67-39cb-4ad8-af69-7900e5b7cf13}</UniqueIdentifier>
    </Filter>
    <Filter Include="Header Files\thread_tcp2">
      <UniqueIdentifier>{0de2d3a1-ee7f-4a4e-a5e7-ac635fd57776}</UniqueIdentifier>
    </Filter>
    <Filter Include="Source Files\thread_tcp2">
      <UniqueIdentifier>{b23f739a-fee1-47ef-a622-f31dbd65afee}</UniqueIdentifier>
    </Filter>
    <Filter Include="Header Files\thread_video_display">
      <UniqueIdentifier>{c9f4a795-92c4-4287-a5a8-dd12a5883957}</UniqueIdentifier>
    </Filter>
    <Filter Include="Source Files\thread_video_display">
      <UniqueIdentifier>{d9867f61-c59a-461c-934d-1795ca174d98}</UniqueIdentifier>
    </Filter>
    <Filter Include="Header Files\thread_window_parameter">
      <UniqueIdentifier>{d54eeff0-4ff2-4c41-9281-9b2f088abfbd}</UniqueIdentifier>
    </Filter>
    <Filter Include="Source Files\thread_window_parameter">
      <UniqueIdentifier>{009595ba-9983-42b3-b564-6974e845e177}</UniqueIdentifier>
    </Filter>
    <Filter Include="Header Files\data">
      <UniqueIdentifier>{f0707bcb-7af9-46aa-9ec2-2af54117cc6a}</UniqueIdentifier>
    </Filter>
    <Filter Include="Source Files\tcp_udp_socket">
      <UniqueIdentifier>{7d5458a1-e676-4677-b0bb-abbce4690579}</UniqueIdentifier>
    </Filter>
    <Filter Include="Header Files\thread_control">
      <UniqueIdentifier>{17c4a246-4b9b-45f9-ba07-9ea44e759773}</UniqueIdentifier>
    </Filter>
    <Filter Include="Header Files\tcp_udp_socket">
      <UniqueIdentifier>{eea0ed1d-e927-43fb-a4a2-d6853352f076}</UniqueIdentifier>
    </Filter>
    <Filter Include="Source Files\error">
      <UniqueIdentifier>{9d088012-e89d-45c5-bbcc-3b820df688c1}</UniqueIdentifier>
    </Filter>
    <Filter Include="Header Files\error">
      <UniqueIdentifier>{3ee88708-8236-4a04-a410-99b47663a4e6}</UniqueIdentifier>
    </Filter>
    <Filter Include="Header Files\timer">
      <UniqueIdentifier>{d607e041-6193-4d32-923b-29a491ebc931}</UniqueIdentifier>
    </Filter>
    <Filter Include="Source Files\timer">
      <UniqueIdentifier>{81d69848-9569-4417-b509-890d9c8c221b}</UniqueIdentifier>
    </Filter>
  </ItemGroup>
  <ItemGroup>
    <ClCompile Include="main.cpp">
      <Filter>Source Files</Filter>
    </ClCompile>
    <ClCompile Include="thread_control\thread_control.cpp">
      <Filter>Source Files\thread_control</Filter>
    </ClCompile>
    <ClCompile Include="thread_map\thread_map.cpp">
      <Filter>Source Files\thread_map</Filter>
    </ClCompile>
    <ClCompile Include="thread_tcp1\thread_tcp1.cpp">
      <Filter>Source Files\thread_tcp1</Filter>
    </ClCompile>
    <ClCompile Include="thread_tcp2\thread_tcp2.cpp">
      <Filter>Source Files\thread_tcp2</Filter>
    </ClCompile>
    <ClCompile Include="thread_video_display\thread_video_display.cpp">
      <Filter>Source Files\thread_video_display</Filter>
    </ClCompile>
    <ClCompile Include="thread_window_parameter\thread_window_parameter.cpp">
      <Filter>Source Files\thread_window_parameter</Filter>
    </ClCompile>
    <ClCompile Include="tcp_udp_socket\win_tcpip.cpp">
      <Filter>Source Files\tcp_udp_socket</Filter>
    </ClCompile>
    <ClCompile Include="tcp_udp_socket\win_udpip.cpp">
      <Filter>Source Files\tcp_udp_socket</Filter>
    </ClCompile>
    <ClCompile Include="error\error.cpp">
      <Filter>Source Files\error</Filter>
    </ClCompile>
    <ClCompile Include="timer\timer.cpp">
      <Filter>Source Files\timer</Filter>
    </ClCompile>
  </ItemGroup>
  <ItemGroup>
    <ClInclude Include="thread_map\thread_map.h">
      <Filter>Header Files\thread_map</Filter>
    </ClInclude>
    <ClInclude Include="thread_tcp1\thread_tcp1.h">
      <Filter>Header Files\thread_tcp1</Filter>
    </ClInclude>
    <ClInclude Include="thread_tcp2\thread_tcp2.h">
      <Filter>Header Files\thread_tcp2</Filter>
    </ClInclude>
    <ClInclude Include="thread_video_display\thread_video_display.h">
      <Filter>Header Files\thread_video_display</Filter>
    </ClInclude>
    <ClInclude Include="thread_window_parameter\thread_window_parameter.h">
      <Filter>Header Files\thread_window_parameter</Filter>
    </ClInclude>
    <ClInclude Include="data\data_controls.h">
      <Filter>Header Files\data</Filter>
    </ClInclude>
    <ClInclude Include="data\data_telemetry.h">
      <Filter>Header Files\data</Filter>
    </ClInclude>
    <ClInclude Include="data\data_video.h">
      <Filter>Header Files\data</Filter>
    </ClInclude>
    <ClInclude Include="globals.h">
      <Filter>Header Files</Filter>
    </ClInclude>
    <ClInclude Include="data\data_network.h">
      <Filter>Header Files\data</Filter>
    </ClInclude>
    <ClInclude Include="tcp_udp_socket\win_tcpip.h">
      <Filter>Header Files\tcp_udp_socket</Filter>
    </ClInclude>
    <ClInclude Include="tcp_udp_socket\win_udpip.h">
      <Filter>Header Files\tcp_udp_socket</Filter>
    </ClInclude>
    <ClInclude Include="thread_control\thread_control.h">
      <Filter>Header Files\thread_control</Filter>
    </ClInclude>
    <ClInclude Include="error\error.h">
      <Filter>Header Files\error</Filter>
    </ClInclude>
    <ClInclude Include="timer\timer.h">
      <Filter>Header Files\timer</Filter>
    </ClInclude>
  </ItemGroup>
</Project>